
Microsoft Visual Studio Solution File, Format Version 12.00
# Visual Studio 14
VisualStudioVersion = 14.0.25420.1
MinimumVisualStudioVersion = 10.0.40219.1
Project("{FAE04EC0-301F-11D3-BF4B-00C04F79EFBC}") = "WebApplication3", "WebApplication3\WebApplication3.csproj", "{42AE78E5-5E21-4A27-8FCC-BC81B51CC042}"
EndProject
Project("{00D1A9C2-B5F0-4AF3-8072-F6C62B433612}") = "Database1", "..\Database1\Database1.sqlproj", "{F5CB5670-37A3-40E0-A327-AC42EB95B966}"
EndProject
Global
	GlobalSection(SolutionConfigurationPlatforms) = preSolution
		Debug|Any CPU = Debug|Any CPU
		Release|Any CPU = Release|Any CPU
	EndGlobalSection
	GlobalSection(ProjectConfigurationPlatforms) = postSolution
		{42AE78E5-5E21-4A27-8FCC-BC81B51CC042}.Debug|Any CPU.ActiveCfg = Debug|Any CPU
		{42AE78E5-5E21-4A27-8FCC-BC81B51CC042}.Debug|Any CPU.Build.0 = Debug|Any CPU
		{42AE78E5-5E21-4A27-8FCC-BC81B51CC042}.Release|Any CPU.ActiveCfg = Release|Any CPU
		{42AE78E5-5E21-4A27-8FCC-BC81B51CC042}.Release|Any CPU.Build.0 = Release|Any CPU
		{F5CB5670-37A3-40E0-A327-AC42EB95B966}.Debug|Any CPU.ActiveCfg = Debug|Any CPU
		{F5CB5670-37A3-40E0-A327-AC42EB95B966}.Debug|Any CPU.Build.0 = Debug|Any CPU
		{F5CB5670-37A3-40E0-A327-AC42EB95B966}.Debug|Any CPU.Deploy.0 = Debug|Any CPU
		{F5CB5670-37A3-40E0-A327-AC42EB95B966}.Release|Any CPU.ActiveCfg = Release|Any CPU
		{F5CB5670-37A3-40E0-A327-AC42EB95B966}.Release|Any CPU.Build.0 = Release|Any CPU
		{F5CB5670-37A3-40E0-A327-AC42EB95B966}.Release|Any CPU.Deploy.0 = Release|Any CPU
	EndGlobalSection
	GlobalSection(SolutionProperties) = preSolution
		HideSolutionNode = FALSE
	EndGlobalSection
EndGlobal
